
Microsoft Visual Studio Solution File, Format Version 11.00
# Visual Studio 2010
Project("{8BC9CEB8-8B4A-11D0-8D11-00A0C91BC942}") = "no1_2", "no1_2\no1_2.vcxproj", "{58255962-1CBD-4F87-BD1C-7EDDB1498CE4}"
EndProject
Global
	GlobalSection(SolutionConfigurationPlatforms) = preSolution
		Debug|Win32 = Debug|Win32
		Release|Win32 = Release|Win32
	EndGlobalSection
	GlobalSection(ProjectConfigurationPlatforms) = postSolution
		{58255962-1CBD-4F87-BD1C-7EDDB1498CE4}.Debug|Win32.ActiveCfg = Debug|Win32
		{58255962-1CBD-4F87-BD1C-7EDDB1498CE4}.Debug|Win32.Build.0 = Debug|Win32
		{58255962-1CBD-4F87-BD1C-7EDDB1498CE4}.Release|Win32.ActiveCfg = Release|Win32
		{58255962-1CBD-4F87-BD1C-7EDDB1498CE4}.Release|Win32.Build.0 = Release|Win32
	EndGlobalSection
	GlobalSection(SolutionProperties) = preSolution
		HideSolutionNode = FALSE
	EndGlobalSection
EndGlobal
